
Microsoft Visual Studio Solution File, Format Version 12.00
# Visual Studio Version 16
VisualStudioVersion = 16.0.29920.165
MinimumVisualStudioVersion = 10.0.40219.1
Project("{9A19103F-16F7-4668-BE54-9A1E7A4F7556}") = "CodeTech.Web.App", "CodeTech.Web.App\CodeTech.Web.App.csproj", "{542C8731-A6A9-4626-B488-62AA5E4AE6A2}"
EndProject
Global
	GlobalSection(SolutionConfigurationPlatforms) = preSolution
		Debug|Any CPU = Debug|Any CPU
		Release|Any CPU = Release|Any CPU
	EndGlobalSection
	GlobalSection(ProjectConfigurationPlatforms) = postSolution
		{542C8731-A6A9-4626-B488-62AA5E4AE6A2}.Debug|Any CPU.ActiveCfg = Debug|Any CPU
		{542C8731-A6A9-4626-B488-62AA5E4AE6A2}.Debug|Any CPU.Build.0 = Debug|Any CPU
		{542C8731-A6A9-4626-B488-62AA5E4AE6A2}.Release|Any CPU.ActiveCfg = Release|Any CPU
		{542C8731-A6A9-4626-B488-62AA5E4AE6A2}.Release|Any CPU.Build.0 = Release|Any CPU
	EndGlobalSection
	GlobalSection(SolutionProperties) = preSolution
		HideSolutionNode = FALSE
	EndGlobalSection
	GlobalSection(ExtensibilityGlobals) = postSolution
		SolutionGuid = {B5023F60-678B-4FA7-91B4-D59A96DCECD0}
	EndGlobalSection
EndGlobal
